// !$*UTF8*$!
{
	archiveVersion = 1;
	classes = {
	};
	objectVersion = 46;
	objects = {

/* Begin PBXBuildFile section */
		3D8A6EF11A927D4200CE2409 /* main.m in Sources */ = {isa = PBXBuildFile; fileRef = 3D8A6EF01A927D4200CE2409 /* main.m */; };
		3D8A6EF41A927D4200CE2409 /* AppDelegate.m in Sources */ = {isa = PBXBuildFile; fileRef = 3D8A6EF31A927D4200CE2409 /* AppDelegate.m */; };
		3D8A6EF71A927D4200CE2409 /* ViewController.m in Sources */ = {isa = PBXBuildFile; fileRef = 3D8A6EF61A927D4200CE2409 /* ViewController.m */; };
		3D8A6EFA1A927D4200CE2409 /* Main.storyboard in Resources */ = {isa = PBXBuildFile; fileRef = 3D8A6EF81A927D4200CE2409 /* Main.storyboard */; };
		3D8A6EFC1A927D4200CE2409 /* Images.xcassets in Resources */ = {isa = PBXBuildFile; fileRef = 3D8A6EFB1A927D4200CE2409 /* Images.xcassets */; };
		3D8A6EFF1A927D4200CE2409 /* LaunchScreen.xib in Resources */ = {isa = PBXBuildFile; fileRef = 3D8A6EFD1A927D4200CE2409 /* LaunchScreen.xib */; };
		3D8A6F0B1A927D4200CE2409 /* TravelMapTests.m in Sources */ = {isa = PBXBuildFile; fileRef = 3D8A6F0A1A927D4200CE2409 /* TravelMapTests.m */; };
/* End PBXBuildFile section */

/* Begin PBXContainerItemProxy section */
		3D8A6F051A927D4200CE2409 /* PBXContainerItemProxy */ = {
			isa = PBXContainerItemProxy;
			containerPortal = 3D8A6EE31A927D4200CE2409 /* Project object */;
			proxyType = 1;
			remoteGlobalIDString = 3D8A6EEA1A927D4200CE2409;
			remoteInfo = TravelMap;
		};
/* End PBXContainerItemProxy section */

/* Begin PBXFileReference section */
		3D8A6EEB1A927D4200CE2409 /* TravelMap.app */ = {isa = PBXFileReference; explicitFileType = wrapper.application; includeInIndex = 0; path = TravelMap.app; sourceTree = BUILT_PRODUCTS_DIR; };
		3D8A6EEF1A927D4200CE2409 /* Info.plist */ = {isa = PBXFileReference; lastKnownFileType = text.plist.xml; path = Info.plist; sourceTree = "<group>"; };
		3D8A6EF01A927D4200CE2409 /* main.m */ = {isa = PBXFileReference; lastKnownFileType = sourcecode.c.objc; path = main.m; sourceTree = "<group>"; };
		3D8A6EF21A927D4200CE2409 /* AppDelegate.h */ = {isa = PBXFileReference; lastKnownFileType = sourcecode.c.h; path = AppDelegate.h; sourceTree = "<group>"; };
		3D8A6EF31A927D4200CE2409 /* AppDelegate.m */ = {isa = PBXFileReference; lastKnownFileType = sourcecode.c.objc; path = AppDelegate.m; sourceTree = "<group>"; };
		3D8A6EF51A927D4200CE2409 /* ViewController.h */ = {isa = PBXFileReference; lastKnownFileType = sourcecode.c.h; path = ViewController.h; sourceTree = "<group>"; };
		3D8A6EF61A927D4200CE2409 /* ViewController.m */ = {isa = PBXFileReference; lastKnownFileType = sourcecode.c.objc; path = ViewController.m; sourceTree = "<group>"; };
		3D8A6EF91A927D4200CE2409 /* Base */ = {isa = PBXFileReference; lastKnownFileType = file.storyboard; name = Base; path = Base.lproj/Main.storyboard; sourceTree = "<group>"; };
		3D8A6EFB1A927D4200CE2409 /* Images.xcassets */ = {isa = PBXFileReference; lastKnownFileType = folder.assetcatalog; path = Images.xcassets; sourceTree = "<group>"; };
		3D8A6EFE1A927D4200CE2409 /* Base */ = {isa = PBXFileReference; lastKnownFileType = file.xib; name = Base; path = Base.lproj/LaunchScreen.xib; sourceTree = "<group>"; };
		3D8A6F041A927D4200CE2409 /* TravelMapTests.xctest */ = {isa = PBXFileReference; explicitFileType = wrapper.cfbundle; includeInIndex = 0; path = TravelMapTests.xctest; sourceTree = BUILT_PRODUCTS_DIR; };
		3D8A6F091A927D4200CE2409 /* Info.plist */ = {isa = PBXFileReference; lastKnownFileType = text.plist.xml; path = Info.plist; sourceTree = "<group>"; };
		3D8A6F0A1A927D4200CE2409 /* TravelMapTests.m */ = {isa = PBXFileReference; lastKnownFileType = sourcecode.c.objc; path = TravelMapTests.m; sourceTree = "<group>"; };
/* End PBXFileReference section */

/* Begin PBXFrameworksBuildPhase section */
		3D8A6EE81A927D4200CE2409 /* Frameworks */ = {
			isa = PBXFrameworksBuildPhase;
			buildActionMask = 2147483647;
			files = (
			);
			runOnlyForDeploymentPostprocessing = 0;
		};
		3D8A6F011A927D4200CE2409 /* Frameworks */ = {
			isa = PBXFrameworksBuildPhase;
			buildActionMask = 2147483647;
			files = (
			);
			runOnlyForDeploymentPostprocessing = 0;
		};
/* End PBXFrameworksBuildPhase section */

/* Begin PBXGroup section */
		3D8A6EE21A927D4200CE2409 = {
			isa = PBXGroup;
			children = (
				3D8A6EED1A927D4200CE2409 /* TravelMap */,
				3D8A6F071A927D4200CE2409 /* TravelMapTests */,
				3D8A6EEC1A927D4200CE2409 /* Products */,
			);
			sourceTree = "<group>";
		};
		3D8A6EEC1A927D4200CE2409 /* Products */ = {
			isa = PBXGroup;
			children = (
				3D8A6EEB1A927D4200CE2409 /* TravelMap.app */,
				3D8A6F041A927D4200CE2409 /* TravelMapTests.xctest */,
			);
			name = Products;
			sourceTree = "<group>";
		};
		3D8A6EED1A927D4200CE2409 /* TravelMap */ = {
			isa = PBXGroup;
			children = (
				3D8A6EF21A927D4200CE2409 /* AppDelegate.h */,
				3D8A6EF31A927D4200CE2409 /* AppDelegate.m */,
				3D8A6EF51A927D4200CE2409 /* ViewController.h */,
				3D8A6EF61A927D4200CE2409 /* ViewController.m */,
				3D8A6EF81A927D4200CE2409 /* Main.storyboard */,
				3D8A6EFB1A927D4200CE2409 /* Images.xcassets */,
				3D8A6EFD1A927D4200CE2409 /* LaunchScreen.xib */,
				3D8A6EEE1A927D4200CE2409 /* Supporting Files */,
			);
			path = TravelMap;
			sourceTree = "<group>";
		};
		3D8A6EEE1A927D4200CE2409 /* Supporting Files */ = {
			isa = PBXGroup;
			children = (
				3D8A6EEF1A927D4200CE2409 /* Info.plist */,
				3D8A6EF01A927D4200CE2409 /* main.m */,
			);
			name = "Supporting Files";
			sourceTree = "<group>";
		};
		3D8A6F071A927D4200CE2409 /* TravelMapTests */ = {
			isa = PBXGroup;
			children = (
				3D8A6F0A1A927D4200CE2409 /* TravelMapTests.m */,
				3D8A6F081A927D4200CE2409 /* Supporting Files */,
			);
			path = TravelMapTests;
			sourceTree = "<group>";
		};
		3D8A6F081A927D4200CE2409 /* Supporting Files */ = {
			isa = PBXGroup;
			children = (
				3D8A6F091A927D4200CE2409 /* Info.plist */,
			);
			name = "Supporting Files";
			sourceTree = "<group>";
		};
/* End PBXGroup section */

/* Begin PBXNativeTarget section */
		3D8A6EEA1A927D4200CE2409 /* TravelMap */ = {
			isa = PBXNativeTarget;
			buildConfigurationList = 3D8A6F0E1A927D4200CE2409 /* Build configuration list for PBXNativeTarget "TravelMap" */;
			buildPhases = (
				3D8A6EE71A927D4200CE2409 /* Sources */,
				3D8A6EE81A927D4200CE2409 /* Frameworks */,
				3D8A6EE91A927D4200CE2409 /* Resources */,
			);
			buildRules = (
			);
			dependencies = (
			);
			name = TravelMap;
			productName = TravelMap;
			productReference = 3D8A6EEB1A927D4200CE2409 /* TravelMap.app */;
			productType = "com.apple.product-type.application";
		};
		3D8A6F031A927D4200CE2409 /* TravelMapTests */ = {
			isa = PBXNativeTarget;
			buildConfigurationList = 3D8A6F111A927D4200CE2409 /* Build configuration list for PBXNativeTarget "TravelMapTests" */;
			buildPhases = (
				3D8A6F001A927D4200CE2409 /* Sources */,
				3D8A6F011A927D4200CE2409 /* Frameworks */,
				3D8A6F021A927D4200CE2409 /* Resources */,
			);
			buildRules = (
			);
			dependencies = (
				3D8A6F061A927D4200CE2409 /* PBXTargetDependency */,
			);
			name = TravelMapTests;
			productName = TravelMapTests;
			productReference = 3D8A6F041A927D4200CE2409 /* TravelMapTests.xctest */;
			productType = "com.apple.product-type.bundle.unit-test";
		};
/* End PBXNativeTarget section */

/* Begin PBXProject section */
		3D8A6EE31A927D4200CE2409 /* Project object */ = {
			isa = PBXProject;
			attributes = {
				LastUpgradeCheck = 0620;
				ORGANIZATIONNAME = "Sai Kiran Gandham";
				TargetAttributes = {
					3D8A6EEA1A927D4200CE2409 = {
						CreatedOnToolsVersion = 6.2;
					};
					3D8A6F031A927D4200CE2409 = {
						CreatedOnToolsVersion = 6.2;
						TestTargetID = 3D8A6EEA1A927D4200CE2409;
					};
				};
			};
			buildConfigurationList = 3D8A6EE61A927D4200CE2409 /* Build configuration list for PBXProject "TravelMap" */;
			compatibilityVersion = "Xcode 3.2";
			developmentRegion = English;
			hasScannedForEncodings = 0;
			knownRegions = (
				en,
				Base,
			);
			mainGroup = 3D8A6EE21A927D4200CE2409;
			productRefGroup = 3D8A6EEC1A927D4200CE2409 /* Products */;
			projectDirPath = "";
			projectRoot = "";
			targets = (
				3D8A6EEA1A927D4200CE2409 /* TravelMap */,
				3D8A6F031A927D4200CE2409 /* TravelMapTests */,
			);
		};
/* End PBXProject section */

/* Begin PBXResourcesBuildPhase section */
		3D8A6EE91A927D4200CE2409 /* Resources */ = {
			isa = PBXResourcesBuildPhase;
			buildActionMask = 2147483647;
			files = (
				3D8A6EFA1A927D4200CE2409 /* Main.storyboard in Resources */,
				3D8A6EFF1A927D4200CE2409 /* LaunchScreen.xib in Resources */,
				3D8A6EFC1A927D4200CE2409 /* Images.xcassets in Resources */,
			);
			runOnlyForDeploymentPostprocessing = 0;
		};
		3D8A6F021A927D4200CE2409 /* Resources */ = {
			isa = PBXResourcesBuildPhase;
			buildActionMask = 2147483647;
			files = (
			);
			runOnlyForDeploymentPostprocessing = 0;
		};
/* End PBXResourcesBuildPhase section */

/* Begin PBXSourcesBuildPhase section */
		3D8A6EE71A927D4200CE2409 /* Sources */ = {
			isa = PBXSourcesBuildPhase;
			buildActionMask = 2147483647;
			files = (
				3D8A6EF71A927D4200CE2409 /* ViewController.m in Sources */,
				3D8A6EF41A927D4200CE2409 /* AppDelegate.m in Sources */,
				3D8A6EF11A927D4200CE2409 /* main.m in Sources */,
			);
			runOnlyForDeploymentPostprocessing = 0;
		};
		3D8A6F001A927D4200CE2409 /* Sources */ = {
			isa = PBXSourcesBuildPhase;
			buildActionMask = 2147483647;
			files = (
				3D8A6F0B1A927D4200CE2409 /* TravelMapTests.m in Sources */,
			);
			runOnlyForDeploymentPostprocessing = 0;
		};
/* End PBXSourcesBuildPhase section */

/* Begin PBXTargetDependency section */
		3D8A6F061A927D4200CE2409 /* PBXTargetDependency */ = {
			isa = PBXTargetDependency;
			target = 3D8A6EEA1A927D4200CE2409 /* TravelMap */;
			targetProxy = 3D8A6F051A927D4200CE2409 /* PBXContainerItemProxy */;
		};
/* End PBXTargetDependency section */

/* Begin PBXVariantGroup section */
		3D8A6EF81A927D4200CE2409 /* Main.storyboard */ = {
			isa = PBXVariantGroup;
			children = (
				3D8A6EF91A927D4200CE2409 /* Base */,
			);
			name = Main.storyboard;
			sourceTree = "<group>";
		};
		3D8A6EFD1A927D4200CE2409 /* LaunchScreen.xib */ = {
			isa = PBXVariantGroup;
			children = (
				3D8A6EFE1A927D4200CE2409 /* Base */,
			);
			name = LaunchScreen.xib;
			sourceTree = "<group>";
		};
/* End PBXVariantGroup section */

/* Begin XCBuildConfiguration section */
		3D8A6F0C1A927D4200CE2409 /* Debug */ = {
			isa = XCBuildConfiguration;
			buildSettings = {
				ALWAYS_SEARCH_USER_PATHS = NO;
				CLANG_CXX_LANGUAGE_STANDARD = "gnu++0x";
				CLANG_CXX_LIBRARY = "libc++";
				CLANG_ENABLE_MODULES = YES;
				CLANG_ENABLE_OBJC_ARC = YES;
				CLANG_WARN_BOOL_CONVERSION = YES;
				CLANG_WARN_CONSTANT_CONVERSION = YES;
				CLANG_WARN_DIRECT_OBJC_ISA_USAGE = YES_ERROR;
				CLANG_WARN_EMPTY_BODY = YES;
				CLANG_WARN_ENUM_CONVERSION = YES;
				CLANG_WARN_INT_CONVERSION = YES;
				CLANG_WARN_OBJC_ROOT_CLASS = YES_ERROR;
				CLANG_WARN_UNREACHABLE_CODE = YES;
				CLANG_WARN__DUPLICATE_METHOD_MATCH = YES;
				"CODE_SIGN_IDENTITY[sdk=iphoneos*]" = "iPhone Developer";
				COPY_PHASE_STRIP = NO;
				ENABLE_STRICT_OBJC_MSGSEND = YES;
				GCC_C_LANGUAGE_STANDARD = gnu99;
				GCC_DYNAMIC_NO_PIC = NO;
				GCC_OPTIMIZATION_LEVEL = 0;
				GCC_PREPROCESSOR_DEFINITIONS = (
					"DEBUG=1",
					"$(inherited)",
				);
				GCC_SYMBOLS_PRIVATE_EXTERN = NO;
				GCC_WARN_64_TO_32_BIT_CONVERSION = YES;
				GCC_WARN_ABOUT_RETURN_TYPE = YES_ERROR;
				GCC_WARN_UNDECLARED_SELECTOR = YES;
				GCC_WARN_UNINITIALIZED_AUTOS = YES_AGGRESSIVE;
				GCC_WARN_UNUSED_FUNCTION = YES;
				GCC_WARN_UNUSED_VARIABLE = YES;
				IPHONEOS_DEPLOYMENT_TARGET = 8.2;
				MTL_ENABLE_DEBUG_INFO = YES;
				ONLY_ACTIVE_ARCH = YES;
				SDKROOT = iphoneos;
			};
			name = Debug;
		};
		3D8A6F0D1A927D4200CE2409 /* Release */ = {
			isa = XCBuildConfiguration;
			buildSettings = {
				ALWAYS_SEARCH_USER_PATHS = NO;
				CLANG_CXX_LANGUAGE_STANDARD = "gnu++0x";
				CLANG_CXX_LIBRARY = "libc++";
				CLANG_ENABLE_MODULES = YES;
				CLANG_ENABLE_OBJC_ARC = YES;
				CLANG_WARN_BOOL_CONVERSION = YES;
				CLANG_WARN_CONSTANT_CONVERSION = YES;
				CLANG_WARN_DIRECT_OBJC_ISA_USAGE = YES_ERROR;
				CLANG_WARN_EMPTY_BODY = YES;
				CLANG_WARN_ENUM_CONVERSION = YES;
				CLANG_WARN_INT_CONVERSION = YES;
				CLANG_WARN_OBJC_ROOT_CLASS = YES_ERROR;
				CLANG_WARN_UNREACHABLE_CODE = YES;
				CLANG_WARN__DUPLICATE_METHOD_MATCH = YES;
				"CODE_SIGN_IDENTITY[sdk=iphoneos*]" = "iPhone Developer";
				COPY_PHASE_STRIP = YES;
				ENABLE_NS_ASSERTIONS = NO;
				ENABLE_STRICT_OBJC_MSGSEND = YES;
				GCC_C_LANGUAGE_STANDARD = gnu99;
				GCC_WARN_64_TO_32_BIT_CONVERSION = YES;
				GCC_WARN_ABOUT_RETURN_TYPE = YES_ERROR;
				GCC_WARN_UNDECLARED_SELECTOR = YES;
				GCC_WARN_UNINITIALIZED_AUTOS = YES_AGGRESSIVE;
				GCC_WARN_UNUSED_FUNCTION = YES;
				GCC_WARN_UNUSED_VARIABLE = YES;
				IPHONEOS_DEPLOYMENT_TARGET = 8.2;
				MTL_ENABLE_DEBUG_INFO = NO;
				SDKROOT = iphoneos;
				VALIDATE_PRODUCT = YES;
			};
			name = Release;
		};
		3D8A6F0F1A927D4200CE2409 /* Debug */ = {
			isa = XCBuildConfiguration;
			buildSettings = {
				ASSETCATALOG_COMPILER_APPICON_NAME = AppIcon;
				INFOPLIST_FILE = TravelMap/Info.plist;
				LD_RUNPATH_SEARCH_PATHS = "$(inherited) @executable_path/Frameworks";
				PRODUCT_NAME = "$(TARGET_NAME)";
			};
			name = Debug;
		};
		3D8A6F101A927D4200CE2409 /* Release */ = {
			isa = XCBuildConfiguration;
			buildSettings = {
				ASSETCATALOG_COMPILER_APPICON_NAME = AppIcon;
				INFOPLIST_FILE = TravelMap/Info.plist;
				LD_RUNPATH_SEARCH_PATHS = "$(inherited) @executable_path/Frameworks";
				PRODUCT_NAME = "$(TARGET_NAME)";
			};
			name = Release;
		};
		3D8A6F121A927D4200CE2409 /* Debug */ = {
			isa = XCBuildConfiguration;
			buildSettings = {
				BUNDLE_LOADER = "$(TEST_HOST)";
				FRAMEWORK_SEARCH_PATHS = (
					"$(SDKROOT)/Developer/Library/Frameworks",
					"$(inherited)",
				);
				GCC_PREPROCESSOR_DEFINITIONS = (
					"DEBUG=1",
					"$(inherited)",
				);
				INFOPLIST_FILE = TravelMapTests/Info.plist;
				LD_RUNPATH_SEARCH_PATHS = "$(inherited) @executable_path/Frameworks @loader_path/Frameworks";
				PRODUCT_NAME = "$(TARGET_NAME)";
				TEST_HOST = "$(BUILT_PRODUCTS_DIR)/TravelMap.app/TravelMap";
			};
			name = Debug;
		};
		3D8A6F131A927D4200CE2409 /* Release */ = {
			isa = XCBuildConfiguration;
			buildSettings = {
				BUNDLE_LOADER = "$(TEST_HOST)";
				FRAMEWORK_SEARCH_PATHS = (
					"$(SDKROOT)/Developer/Library/Frameworks",
					"$(inherited)",
				);
				INFOPLIST_FILE = TravelMapTests/Info.plist;
				LD_RUNPATH_SEARCH_PATHS = "$(inherited) @executable_path/Frameworks @loader_path/Frameworks";
				PRODUCT_NAME = "$(TARGET_NAME)";
				TEST_HOST = "$(BUILT_PRODUCTS_DIR)/TravelMap.app/TravelMap";
			};
			name = Release;
		};
/* End XCBuildConfiguration section */

/* Begin XCConfigurationList section */
		3D8A6EE61A927D4200CE2409 /* Build configuration list for PBXProject "TravelMap" */ = {
			isa = XCConfigurationList;
			buildConfigurations = (
				3D8A6F0C1A927D4200CE2409 /* Debug */,
				3D8A6F0D1A927D4200CE2409 /* Release */,
			);
			defaultConfigurationIsVisible = 0;
			defaultConfigurationName = Release;
		};
		3D8A6F0E1A927D4200CE2409 /* Build configuration list for PBXNativeTarget "TravelMap" */ = {
			isa = XCConfigurationList;
			buildConfigurations = (
				3D8A6F0F1A927D4200CE2409 /* Debug */,
				3D8A6F101A927D4200CE2409 /* Release */,
			);
			defaultConfigurationIsVisible = 0;
		};
		3D8A6F111A927D4200CE2409 /* Build configuration list for PBXNativeTarget "TravelMapTests" */ = {
			isa = XCConfigurationList;
			buildConfigurations = (
				3D8A6F121A927D4200CE2409 /* Debug */,
				3D8A6F131A927D4200CE2409 /* Release */,
			);
			defaultConfigurationIsVisible = 0;
		};
/* End XCConfigurationList section */
	};
	rootObject = 3D8A6EE31A927D4200CE2409 /* Project object */;
}
